
Microsoft Visual Studio Solution File, Format Version 12.00
# Visual Studio Version 17
VisualStudioVersion = 17.7.34031.279
MinimumVisualStudioVersion = 10.0.40219.1
Project("{9A19103F-16F7-4668-BE54-9A1E7A4F7556}") = "Backend_Cocinat3_API", "Backend_Cocinat3_API.csproj", "{E4F58A3F-9804-4520-BDC8-7295398EBB40}"
EndProject
Global
	GlobalSection(SolutionConfigurationPlatforms) = preSolution
		Debug|Any CPU = Debug|Any CPU
		Release|Any CPU = Release|Any CPU
	EndGlobalSection
	GlobalSection(ProjectConfigurationPlatforms) = postSolution
		{E4F58A3F-9804-4520-BDC8-7295398EBB40}.Debug|Any CPU.ActiveCfg = Debug|Any CPU
		{E4F58A3F-9804-4520-BDC8-7295398EBB40}.Debug|Any CPU.Build.0 = Debug|Any CPU
		{E4F58A3F-9804-4520-BDC8-7295398EBB40}.Release|Any CPU.ActiveCfg = Release|Any CPU
		{E4F58A3F-9804-4520-BDC8-7295398EBB40}.Release|Any CPU.Build.0 = Release|Any CPU
	EndGlobalSection
	GlobalSection(SolutionProperties) = preSolution
		HideSolutionNode = FALSE
	EndGlobalSection
	GlobalSection(ExtensibilityGlobals) = postSolution
		SolutionGuid = {EEBFDBF8-500C-4F91-B5FD-760EF5809C7E}
	EndGlobalSection
EndGlobal
